
Microsoft Visual Studio Solution File, Format Version 12.00
# Visual Studio Version 16
VisualStudioVersion = 16.0.33027.164
MinimumVisualStudioVersion = 10.0.40219.1
Project("{FAE04EC0-301F-11D3-BF4B-00C04F79EFBC}") = "MiniProject", "MiniProject\MiniProject.csproj", "{6A2D0741-7C3C-4CA7-ABD1-FE6F721C2344}"
EndProject
Global
	GlobalSection(SolutionConfigurationPlatforms) = preSolution
		Debug|Any CPU = Debug|Any CPU
		Release|Any CPU = Release|Any CPU
	EndGlobalSection
	GlobalSection(ProjectConfigurationPlatforms) = postSolution
		{6A2D0741-7C3C-4CA7-ABD1-FE6F721C2344}.Debug|Any CPU.ActiveCfg = Debug|Any CPU
		{6A2D0741-7C3C-4CA7-ABD1-FE6F721C2344}.Debug|Any CPU.Build.0 = Debug|Any CPU
		{6A2D0741-7C3C-4CA7-ABD1-FE6F721C2344}.Release|Any CPU.ActiveCfg = Release|Any CPU
		{6A2D0741-7C3C-4CA7-ABD1-FE6F721C2344}.Release|Any CPU.Build.0 = Release|Any CPU
	EndGlobalSection
	GlobalSection(SolutionProperties) = preSolution
		HideSolutionNode = FALSE
	EndGlobalSection
	GlobalSection(ExtensibilityGlobals) = postSolution
		SolutionGuid = {55F9CA79-455C-47C2-9EB5-697C9F1172DB}
	EndGlobalSection
EndGlobal
